
Microsoft Visual Studio Solution File, Format Version 12.00
# Visual Studio Version 17
VisualStudioVersion = 17.7.34031.279
MinimumVisualStudioVersion = 10.0.40219.1
Project("{8BC9CEB8-8B4A-11D0-8D11-00A0C91BC942}") = "FV", "FV.vcxproj", "{FBFFEDBC-7BD7-4165-8176-F47178DEFA93}"
EndProject
Global
	GlobalSection(SolutionConfigurationPlatforms) = preSolution
		Debug|x64 = Debug|x64
		Debug|x86 = Debug|x86
		Release|x64 = Release|x64
		Release|x86 = Release|x86
	EndGlobalSection
	GlobalSection(ProjectConfigurationPlatforms) = postSolution
		{FBFFEDBC-7BD7-4165-8176-F47178DEFA93}.Debug|x64.ActiveCfg = Debug|x64
		{FBFFEDBC-7BD7-4165-8176-F47178DEFA93}.Debug|x64.Build.0 = Debug|x64
		{FBFFEDBC-7BD7-4165-8176-F47178DEFA93}.Debug|x86.ActiveCfg = Debug|Win32
		{FBFFEDBC-7BD7-4165-8176-F47178DEFA93}.Debug|x86.Build.0 = Debug|Win32
		{FBFFEDBC-7BD7-4165-8176-F47178DEFA93}.Release|x64.ActiveCfg = Release|x64
		{FBFFEDBC-7BD7-4165-8176-F47178DEFA93}.Release|x64.Build.0 = Release|x64
		{FBFFEDBC-7BD7-4165-8176-F47178DEFA93}.Release|x86.ActiveCfg = Release|Win32
		{FBFFEDBC-7BD7-4165-8176-F47178DEFA93}.Release|x86.Build.0 = Release|Win32
	EndGlobalSection
	GlobalSection(SolutionProperties) = preSolution
		HideSolutionNode = FALSE
	EndGlobalSection
	GlobalSection(ExtensibilityGlobals) = postSolution
		SolutionGuid = {F66F2D67-F0AA-43B9-826F-10669F71D674}
	EndGlobalSection
EndGlobal
